
Microsoft Visual Studio Solution File, Format Version 12.00
# Visual Studio Version 17
VisualStudioVersion = 17.9.34622.214
MinimumVisualStudioVersion = 10.0.40219.1
Project("{FAE04EC0-301F-11D3-BF4B-00C04F79EFBC}") = "GameZone", "GameZone.csproj", "{181CAD92-DA01-4660-AF27-03A7C0B80AD4}"
EndProject
Global
	GlobalSection(SolutionConfigurationPlatforms) = preSolution
		Debug|Any CPU = Debug|Any CPU
		Release|Any CPU = Release|Any CPU
	EndGlobalSection
	GlobalSection(ProjectConfigurationPlatforms) = postSolution
		{181CAD92-DA01-4660-AF27-03A7C0B80AD4}.Debug|Any CPU.ActiveCfg = Debug|Any CPU
		{181CAD92-DA01-4660-AF27-03A7C0B80AD4}.Debug|Any CPU.Build.0 = Debug|Any CPU
		{181CAD92-DA01-4660-AF27-03A7C0B80AD4}.Release|Any CPU.ActiveCfg = Release|Any CPU
		{181CAD92-DA01-4660-AF27-03A7C0B80AD4}.Release|Any CPU.Build.0 = Release|Any CPU
	EndGlobalSection
	GlobalSection(SolutionProperties) = preSolution
		HideSolutionNode = FALSE
	EndGlobalSection
	GlobalSection(ExtensibilityGlobals) = postSolution
		SolutionGuid = {B20736CB-8704-4C55-90A8-273D5E616DAC}
	EndGlobalSection
EndGlobal
